github.com/rabbitmq/amqp091-go v1.13.0 h1:L8NA1WtF76C6KA3LAoufjfLgbist/If1UQYcsOjtxXA=
github.com/rabbitmq/amqp091-go v1.13.0/go.mod h1:Hy4jKW5kQART1u+JkDTF9YYOQUHXqMuhrgxOEeS7G4o=
go.uber.org/goleak v1.3.0 h1:2K3zAYmnTNqV73imy9J1T3WC+gmCePx2hEGkimedGto=
go.uber.org/goleak v1.3.0/go.mod h1:CoHD4mav9JJNrW/WLlf7HGZPjdw8EucARQHekz1X6bE=
