github.com/andybalholm/brotli v1.0.0 h1:7UCwP93aiSfvWpapti8g88vVVGp2qqtGyePsSuDafo4=
github.com/andybalholm/brotli v1.0.0/go.mod h1:loMXtMfwqflxFJPmdbJO0a3KNoPuLBgiu3qAvBg8x/Y=
github.com/denisenkom/go-mssqldb v0.0.0-20191124224453-732737034ffd h1:83Wprp6ROGeiHFAP8WJdI2RoxALQYgdllERc3N5N2DM=
github.com/denisenkom/go-mssqldb v0.0.0-20191124224453-732737034ffd/go.mod h1:xbL0rPBG9cCiLr28tMa8zpbdarY27NDyej4t/EjAShU=
github.com/erikstmartin/go-testdb v0.0.0-20160219214506-8d10e4a1bae5 h1:Yzb9+7DPaBjB8zlTR87/ElzFsnQfuHnVUVqpZZIcV5Y=
github.com/erikstmartin/go-testdb v0.0.0-20160219214506-8d10e4a1bae5/go.mod h1:a2zkGnVExMxdzMo3M0Hi/3sEU+cWnZpSni0O6/Yb/P0=
github.com/go-sql-driver/mysql v1.4.1 h1:g24URVg0OFbNUTx9qqY1IRZ9D9z3iPyi5zKhQZpNwpA=
github.com/go-sql-driver/mysql v1.4.1/go.mod h1:zAC/RDZ24gD3HViQzih4MyKcchzm+sOG5ZlKdlhCg5w=
github.com/gofiber/fiber/v2 v2.0.0 h1:YF2BcEO7aJtIR84QjfMzxwEVsbOmh2xFzPlNvX53hTs=
github.com/gofiber/fiber/v2 v2.0.0/go.mod h1:GeIpT8VILgZt3Tn6gATjwb39Ff8OdM0qnZ2grAA0Vts=
github.com/golang-sql/civil v0.0.0-20190719163853-cb61b32ac6fe h1:lXe2qZdvpiX5WZkZR4hgp4KJVfY3nMkvmwbVkpv1rVY=
github.com/golang-sql/civil v0.0.0-20190719163853-cb61b32ac6fe/go.mod h1:8vg3r2VgvsThLBIFL93Qb5yWzgyZWhEmBwUJWevAkK0=
github.com/golang/protobuf v1.2.0/go.mod h1:6lQm79b+lXiMfvg/cZm0SGofjICqVBUtrP5yJMmIC1U=
github.com/jinzhu/gorm v1.9.12 h1:Drgk1clyWT9t9ERbzHza6Mj/8FY/CqMyVzOiHviMo6Q=
github.com/jinzhu/gorm v1.9.12/go.mod h1:vhTjlKSJUTWNtcbQtrMBFCxy7eXTzeCAzfL5fBZT/Qs=
github.com/jinzhu/inflection v1.0.0 h1:K317FqzuhWc8YvSVlFMCCUb36O/S9MCKRDI7QkRKD/E=
github.com/jinzhu/inflection v1.0.0/go.mod h1:h+uFLlag+Qp1Va5pdKtLDYj+kHp5pxUVkryuEj+Srlc=
github.com/jinzhu/now v1.0.1 h1:HjfetcXq097iXP0uoPCdnM4Efp5/9MsM0/M+XOTeR3M=
github.com/jinzhu/now v1.0.1/go.mod h1:d3SSVoowX0Lcu0IBviAWJpolVfI5UJVZZ7cO71lE/z8=
github.com/klauspost/compress v1.10.7/go.mod h1:aoV0uJVorq1K+umq18yTdKaF57EivdYsUV+/s2qKfXs=
github.com/klauspost/compress v1.11.0 h1:wJbzvpYMVGG9iTI9VxpnNZfd4DzMPoCWze3GgSqz8yg=
github.com/klauspost/compress v1.11.0/go.mod h1:aoV0uJVorq1K+umq18yTdKaF57EivdYsUV+/s2qKfXs=
github.com/lib/pq v1.1.1 h1:sJZmqHoEaY7f+NPP8pgLB/WxulyR3fewgCM2qaSlBb4=
github.com/lib/pq v1.1.1/go.mod h1:5WUZQaWbwv1U+lTReE5YruASi9Al49XbQIvNi/34Woo=
github.com/mattn/go-sqlite3 v2.0.1+incompatible h1:xQ15muvnzGBHpIpdrNi1DA5x0+TcBZzsIDwmw9uTHzw=
github.com/mattn/go-sqlite3 v2.0.1+incompatible/go.mod h1:FPy6KqzDD04eiIsT53CuJW3U88zkxoIYsOqkbpncsNc=
github.com/valyala/bytebufferpool v1.0.0 h1:GqA5TC/0021Y/b9FG4Oi9Mr3q7XYx6KllzawFIhcdPw=
github.com/valyala/bytebufferpool v1.0.0/go.mod h1:6bBcMArwyJ5K/AmCkWv1jt77kVWyCJ6HpOuEn7z0Csc=
github.com/valyala/fasthttp v1.16.0 h1:9zAqOYLl8Tuy3E5R6ckzGDJ1g8+pw15oQp2iL9Jl6gQ=
github.com/valyala/fasthttp v1.16.0/go.mod h1:YOKImeEosDdBPnxc0gy7INqi3m1zK6A+xl6TwOBhHCA=
github.com/valyala/tcplisten v0.0.0-20161114210144-ceec8f93295a h1:0R4NLDRDZX6JcmhJgXi5E4b8Wg84ihbmUKp/GvSPEzc=
github.com/valyala/tcplisten v0.0.0-20161114210144-ceec8f93295a/go.mod h1:v3UYOV9WzVtRmSR+PDvWpU/qWl4Wa5LApYYX4ZtKbio=
golang.org/x/crypto v0.0.0-20190308221718-c2843e01d9a2/go.mod h1:djNgcEr1/C05ACkg1iLfiJU5Ep61QUkGW8qpdssI0+w=
golang.org/x/crypto v0.0.0-20190325154230-a5d413f7728c/go.mod h1:djNgcEr1/C05ACkg1iLfiJU5Ep61QUkGW8qpdssI0+w=
golang.org/x/crypto v0.0.0-20191205180655-e7c4368fe9dd h1:GGJVjV8waZKRHrgwvtH66z9ZGVurTD1MT0n1Bb+q4aM=
golang.org/x/crypto v0.0.0-20191205180655-e7c4368fe9dd/go.mod h1:LzIPMQfyMNhhGPhUkYOs5KpL4U8rLKemX1yGLhDgUto=
golang.org/x/net v0.0.0-20180724234803-3673e40ba225/go.mod h1:mL1N/T3taQHkDXs73rZJwtUhF3w3ftmwwsq0BUmARs4=
golang.org/x/net v0.0.0-20190404232315-eb5bcb51f2a3/go.mod h1:t9HGtf8HONx5eT2rtn7q6eTqICYqUVnKs3thJo3Qplg=
golang.org/x/net v0.0.0-20200602114024-627f9648deb9/go.mod h1:qpuaurCH72eLCgpAm/N6yyVIVM9cpaDIP3A8BGJEC5A=
golang.org/x/sys v0.0.0-20190215142949-d0b11bdaac8a/go.mod h1:STP8DvDyc/dI5b8T5hshtkjS+E42TnysNCUPdjciGhY=
golang.org/x/sys v0.0.0-20190412213103-97732733099d/go.mod h1:h1NjWce9XRLGQEsW7wpKNCjG9DtNlClVuFLEZdDNbEs=
golang.org/x/sys v0.0.0-20200323222414-85ca7c5b95cd/go.mod h1:h1NjWce9XRLGQEsW7wpKNCjG9DtNlClVuFLEZdDNbEs=
golang.org/x/sys v0.0.0-20200602225109-6fdc65e7d980/go.mod h1:h1NjWce9XRLGQEsW7wpKNCjG9DtNlClVuFLEZdDNbEs=
golang.org/x/sys v0.0.0-20200909081042-eff7692f9009 h1:W0lCpv29Hv0UaM1LXb9QlBHLNP8UFfcKjblhVCWftOM=
golang.org/x/sys v0.0.0-20200909081042-eff7692f9009/go.mod h1:h1NjWce9XRLGQEsW7wpKNCjG9DtNlClVuFLEZdDNbEs=
golang.org/x/text v0.3.0/go.mod h1:NqM8EUOU14njkJ3fqMW+pc6Ldnwhi/IjpwHt7yyuwOQ=
google.golang.org/appengine v1.4.0 h1:/wp5JvzpHIxhs/dumFmF7BXTf3Z+dd4uXta4kVyO508=
google.golang.org/appengine v1.4.0/go.mod h1:xpcJRLb0r/rnEns0DIKYYv+WjYCduHsrkT7/EB5XEv4=
