github.com/andybalholm/brotli v1.2.0 h1:ukwgCxwYrmACq68yiUqwIWnGY0cTPox/M94sVwToPjQ=
github.com/andybalholm/brotli v1.2.0/go.mod h1:rzTDkvFWvIrjDXZHkuS16NPggd91W3kUSvPlQ1pLaKY=
github.com/aws/aws-sdk-go-v2 v1.41.2 h1:LuT2rzqNQsauaGkPK/7813XxcZ3o3yePY0Iy891T2ls=
github.com/aws/aws-sdk-go-v2 v1.41.2/go.mod h1:IvvlAZQXvTXznUPfRVfryiG1fbzE2NGK6m9u39YQ+S4=
github.com/aws/aws-sdk-go-v2/config v1.32.10 h1:9DMthfO6XWZYLfzZglAgW5Fyou2nRI5CuV44sTedKBI=
github.com/aws/aws-sdk-go-v2/config v1.32.10/go.mod h1:2rUIOnA2JaiqYmSKYmRJlcMWy6qTj1vuRFscppSBMcw=
github.com/aws/aws-sdk-go-v2/credentials v1.19.10 h1:EEhmEUFCE1Yhl7vDhNOI5OCL/iKMdkkYFTRpZXNw7m8=
github.com/aws/aws-sdk-go-v2/credentials v1.19.10/go.mod h1:RnnlFCAlxQCkN2Q379B67USkBMu1PipEEiibzYN5UTE=
github.com/aws/aws-sdk-go-v2/feature/ec2/imds v1.18.18 h1:Ii4s+Sq3yDfaMLpjrJsqD6SmG/Wq/P5L/hw2qa78UAY=
github.com/aws/aws-sdk-go-v2/feature/ec2/imds v1.18.18/go.mod h1:6x81qnY++ovptLE6nWQeWrpXxbnlIex+4H4eYYGcqfc=
github.com/aws/aws-sdk-go-v2/internal/configsources v1.4.18 h1:F43zk1vemYIqPAwhjTjYIz0irU2EY7sOb/F5eJ3HuyM=
github.com/aws/aws-sdk-go-v2/internal/configsources v1.4.18/go.mod h1:w1jdlZXrGKaJcNoL+Nnrj+k5wlpGXqnNrKoP22HvAug=
github.com/aws/aws-sdk-go-v2/internal/endpoints/v2 v2.7.18 h1:xCeWVjj0ki0l3nruoyP2slHsGArMxeiiaoPN5QZH6YQ=
github.com/aws/aws-sdk-go-v2/internal/endpoints/v2 v2.7.18/go.mod h1:r/eLGuGCBw6l36ZRWiw6PaZwPXb6YOj+i/7MizNl5/k=
github.com/aws/aws-sdk-go-v2/internal/ini v1.8.4 h1:WKuaxf++XKWlHWu9ECbMlha8WOEGm0OUEZqm4K/Gcfk=
github.com/aws/aws-sdk-go-v2/internal/ini v1.8.4/go.mod h1:ZWy7j6v1vWGmPReu0iSGvRiise4YI5SkR3OHKTZ6Wuc=
github.com/aws/aws-sdk-go-v2/internal/v4a v1.4.18 h1:eZioDaZGJ0tMM4gzmkNIO2aAoQd+je7Ug7TkvAzlmkU=
github.com/aws/aws-sdk-go-v2/internal/v4a v1.4.18/go.mod h1:CCXwUKAJdoWr6/NcxZ+zsiPr6oH/Q5aTooRGYieAyj4=
github.com/aws/aws-sdk-go-v2/service/internal/accept-encoding v1.13.5 h1:CeY9LUdur+Dxoeldqoun6y4WtJ3RQtzk0JMP2gfUay0=
github.com/aws/aws-sdk-go-v2/service/internal/accept-encoding v1.13.5/go.mod h1:AZLZf2fMaahW5s/wMRciu1sYbdsikT/UHwbUjOdEVTc=
github.com/aws/aws-sdk-go-v2/service/internal/presigned-url v1.13.18 h1:LTRCYFlnnKFlKsyIQxKhJuDuA3ZkrDQMRYm6rXiHlLY=
github.com/aws/aws-sdk-go-v2/service/internal/presigned-url v1.13.18/go.mod h1:XhwkgGG6bHSd00nO/mexWTcTjgd6PjuvWQMqSn2UaEk=
github.com/aws/aws-sdk-go-v2/service/sesv2 v1.59.2 h1:MJ6IIv3VdXESqoORpAgQJYSWLrY7G1AuT8XBQKWCUq8=
github.com/aws/aws-sdk-go-v2/service/sesv2 v1.59.2/go.mod h1:Qj7f4iKqd4n/UKcuWwlFhd1irk6S3H27r8QpfVItCZc=
github.com/aws/aws-sdk-go-v2/service/signin v1.0.6 h1:MzORe+J94I+hYu2a6XmV5yC9huoTv8NRcCrUNedDypQ=
github.com/aws/aws-sdk-go-v2/service/signin v1.0.6/go.mod h1:hXzcHLARD7GeWnifd8j9RWqtfIgxj4/cAtIVIK7hg8g=
github.com/aws/aws-sdk-go-v2/service/sso v1.30.11 h1:7oGD8KPfBOJGXiCoRKrrrQkbvCp8N++u36hrLMPey6o=
github.com/aws/aws-sdk-go-v2/service/sso v1.30.11/go.mod h1:0DO9B5EUJQlIDif+XJRWCljZRKsAFKh3gpFz7UnDtOo=
github.com/aws/aws-sdk-go-v2/service/ssooidc v1.35.15 h1:edCcNp9eGIUDUCrzoCu1jWAXLGFIizeqkdkKgRlJwWc=
github.com/aws/aws-sdk-go-v2/service/ssooidc v1.35.15/go.mod h1:lyRQKED9xWfgkYC/wmmYfv7iVIM68Z5OQ88ZdcV1QbU=
github.com/aws/aws-sdk-go-v2/service/sts v1.41.7 h1:NITQpgo9A5NrDZ57uOWj+abvXSb83BbyggcUBVksN7c=
github.com/aws/aws-sdk-go-v2/service/sts v1.41.7/go.mod h1:sks5UWBhEuWYDPdwlnRFn1w7xWdH29Jcpe+/PJQefEs=
github.com/aws/smithy-go v1.24.1 h1:VbyeNfmYkWoxMVpGUAbQumkODcYmfMRfZ8yQiH30SK0=
github.com/aws/smithy-go v1.24.1/go.mod h1:LEj2LM3rBRQJxPZTB4KuzZkaZYnZPnvgIhb4pu07mx0=
github.com/davecgh/go-spew v1.1.0/go.mod h1:J7Y8YcW2NihsgmVo/mv3lAwl/skON4iLHjSsI+c5H38=
github.com/davecgh/go-spew v1.1.1 h1:vj9j/u1bqnvCEfJOwUhtlOARqs3+rkHYY13jYWTU97c=
github.com/davecgh/go-spew v1.1.1/go.mod h1:J7Y8YcW2NihsgmVo/mv3lAwl/skON4iLHjSsI+c5H38=
github.com/fxamacker/cbor/v2 v2.9.0 h1:NpKPmjDBgUfBms6tr6JZkTHtfFGcMKsw3eGcmD/sapM=
github.com/fxamacker/cbor/v2 v2.9.0/go.mod h1:vM4b+DJCtHn+zz7h3FFp/hDAI9WNWCsZj23V5ytsSxQ=
github.com/getsentry/sentry-go v0.42.0 h1:eeFMACuZTbUQf90RE8dE4tXeSe4CZyfvR1MBL7RLEt8=
github.com/getsentry/sentry-go v0.42.0/go.mod h1:eRXCoh3uvmjQLY6qu63BjUZnaBu5L5WhMV1RwYO8W5s=
github.com/go-errors/errors v1.4.2 h1:J6MZopCL4uSllY1OfXM374weqZFFItUbrImctkmUxIA=
github.com/go-errors/errors v1.4.2/go.mod h1:sIVyrIiJhuEF+Pj9Ebtd6P/rEYROXFi3BopGUQ5a5Og=
github.com/gofiber/fiber/v3 v3.0.0 h1:GPeCG8X60L42wLKrzgeewDHBr6pE6veAvwaXsqD3Xjk=
github.com/gofiber/fiber/v3 v3.0.0/go.mod h1:kVZiO/AwyT5Pq6PgC8qRCJ+j/BHrMy5jNw1O9yH38aY=
github.com/gofiber/schema v1.7.0 h1:yNM+FNRZjyYEli9Ey0AXRBrAY9jTnb+kmGs3lJGPvKg=
github.com/gofiber/schema v1.7.0/go.mod h1:A/X5Ffyru4p9eBdp99qu+nzviHzQiZ7odLT+TwxWhbk=
github.com/gofiber/utils/v2 v2.0.2 h1:ShRRssz0F3AhTlAQcuEj54OEDtWF7+HJDwEi/aa6QLI=
github.com/gofiber/utils/v2 v2.0.2/go.mod h1:+9Ub4NqQ+IaJoTliq5LfdmOJAA/Hzwf4pXOxOa3RrJ0=
github.com/google/go-cmp v0.7.0 h1:wk8382ETsv4JYUZwIsn6YpYiWiBsYLSJiTsyBybVuN8=
github.com/google/go-cmp v0.7.0/go.mod h1:pXiqmnSA92OHEEa9HXL2W4E7lf9JzCmGVUdgjX3N/iU=
github.com/google/gofuzz v1.0.0/go.mod h1:dBl0BpW6vV/+mYPU4Po3pmUjxk6FQPldtuIdl/M65Eg=
github.com/google/uuid v1.6.0 h1:NIvaJDMOsjHA8n1jAhLSgzrAzy1Hgr+hNrb57e+94F0=
github.com/google/uuid v1.6.0/go.mod h1:TIyPZe4MgqvfeYDBFedMoGGpEw/LqOeaOT+nhxU+yHo=
github.com/jackc/pgpassfile v1.0.0 h1:/6Hmqy13Ss2zCq62VdNG8tM1wchn8zjSGOBJ6icpsIM=
github.com/jackc/pgpassfile v1.0.0/go.mod h1:CEx0iS5ambNFdcRtxPj5JhEz+xB6uRky5eyVu/W2HEg=
github.com/jackc/pgservicefile v0.0.0-20240606120523-5a60cdf6a761 h1:iCEnooe7UlwOQYpKFhBabPMi4aNAfoODPEFNiAnClxo=
github.com/jackc/pgservicefile v0.0.0-20240606120523-5a60cdf6a761/go.mod h1:5TJZWKEWniPve33vlWYSoGYefn3gLQRzjfDlhSJ9ZKM=
github.com/jackc/pgx/v5 v5.8.0 h1:TYPDoleBBme0xGSAX3/+NujXXtpZn9HBONkQC7IEZSo=
github.com/jackc/pgx/v5 v5.8.0/go.mod h1:QVeDInX2m9VyzvNeiCJVjCkNFqzsNb43204HshNSZKw=
github.com/jackc/puddle/v2 v2.2.2 h1:PR8nw+E/1w0GLuRFSmiioY6UooMp6KJv0/61nB7icHo=
github.com/jackc/puddle/v2 v2.2.2/go.mod h1:vriiEXHvEE654aYKXXjOvZM39qJ0q+azkZFrfEOc3H4=
github.com/jinzhu/inflection v1.0.0 h1:K317FqzuhWc8YvSVlFMCCUb36O/S9MCKRDI7QkRKD/E=
github.com/jinzhu/inflection v1.0.0/go.mod h1:h+uFLlag+Qp1Va5pdKtLDYj+kHp5pxUVkryuEj+Srlc=
github.com/jinzhu/now v1.1.5 h1:/o9tlHleP7gOFmsnYNz3RGnqzefHA47wQpKrrdTIwXQ=
github.com/jinzhu/now v1.1.5/go.mod h1:d3SSVoowX0Lcu0IBviAWJpolVfI5UJVZZ7cO71lE/z8=
github.com/joho/godotenv v1.5.1 h1:7eLL/+HRGLY0ldzfGMeQkb7vMd0as4CfYvUVzLqw0N0=
github.com/joho/godotenv v1.5.1/go.mod h1:f4LDr5Voq0i2e/R5DDNOoa2zzDfwtkZa6DnEwAbqwq4=
github.com/json-iterator/go v1.1.12 h1:PV8peI4a0ysnczrg+LtxykD8LfKY9ML6u2jnxaEnrnM=
github.com/json-iterator/go v1.1.12/go.mod h1:e30LSqwooZae/UwlEbR2852Gd8hjQvJoHmT4TnhNGBo=
github.com/klauspost/compress v1.18.4 h1:RPhnKRAQ4Fh8zU2FY/6ZFDwTVTxgJ/EMydqSTzE9a2c=
github.com/klauspost/compress v1.18.4/go.mod h1:R0h/fSBs8DE4ENlcrlib3PsXS61voFxhIs2DeRhCvJ4=
github.com/mattn/go-colorable v0.1.14 h1:9A9LHSqF/7dyVVX6g0U9cwm9pG3kP9gSzcuIPHPsaIE=
github.com/mattn/go-colorable v0.1.14/go.mod h1:6LmQG8QLFO4G5z1gPvYEzlUgJ2wF+stgPZH1UqBm1s8=
github.com/mattn/go-isatty v0.0.20 h1:xfD0iDuEKnDkl03q4limB+vH+GxLEtL/jb4xVJSWWEY=
github.com/mattn/go-isatty v0.0.20/go.mod h1:W+V8PltTTMOvKvAeJH7IuucS94S2C6jfK/D7dTCTo3Y=
github.com/modern-go/concurrent v0.0.0-20180228061459-e0a39a4cb421/go.mod h1:6dJC0mAP4ikYIbvyc7fijjWJddQyLn8Ig3JB5CqoB9Q=
github.com/modern-go/concurrent v0.0.0-20180306012644-bacd9c7ef1dd h1:TRLaZ9cD/w8PVh93nsPXa1VrQ6jlwL5oN8l14QlcNfg=
github.com/modern-go/concurrent v0.0.0-20180306012644-bacd9c7ef1dd/go.mod h1:6dJC0mAP4ikYIbvyc7fijjWJddQyLn8Ig3JB5CqoB9Q=
github.com/modern-go/reflect2 v1.0.2 h1:xBagoLtFs94CBntxluKeaWgTMpvLxC4ur3nMaC9Gz0M=
github.com/modern-go/reflect2 v1.0.2/go.mod h1:yWuevngMOJpCy52FWWMvUC8ws7m/LJsjYzDa0/r8luk=
github.com/philhofer/fwd v1.2.0 h1:e6DnBTl7vGY+Gz322/ASL4Gyp1FspeMvx1RNDoToZuM=
github.com/philhofer/fwd v1.2.0/go.mod h1:RqIHx9QI14HlwKwm98g9Re5prTQ6LdeRQn+gXJFxsJM=
github.com/pingcap/errors v0.11.4 h1:lFuQV/oaUMGcD2tqt+01ROSmJs75VG1ToEOkZIZ4nE4=
github.com/pingcap/errors v0.11.4/go.mod h1:Oi8TUi2kEtXXLMJk9l1cGmz20kV3TaQ0usTwv5KuLY8=
github.com/pkg/errors v0.9.1 h1:FEBLx1zS214owpjy7qsBeixbURkuhQAwrK5UwLGTwt4=
github.com/pkg/errors v0.9.1/go.mod h1:bwawxfHBFNV+L2hUp1rHADufV3IMtnDRdf1r5NINEl0=
github.com/pmezard/go-difflib v1.0.0 h1:4DBwDE0NGyQoBHbLQYPwSUPoCMWR5BEzIk/f1lZbAQM=
github.com/pmezard/go-difflib v1.0.0/go.mod h1:iKH77koFhYxTK1pcRnkKkqfTogsbg7gZNVY4sRDYZ/4=
github.com/shamaton/msgpack/v3 v3.1.0 h1:jsk0vEAqVvvS9+fTZ5/EcQ9tz860c9pWxJ4Iwecz8gU=
github.com/shamaton/msgpack/v3 v3.1.0/go.mod h1:DcQG8jrdrQCIxr3HlMYkiXdMhK+KfN2CitkyzsQV4uc=
github.com/stretchr/objx v0.1.0/go.mod h1:HFkY916IF+rwdDfMAkV7OtwuqBVzrE8GR6GFx+wExME=
github.com/stretchr/testify v1.3.0/go.mod h1:M5WIy9Dh21IEIfnGCwXGc5bZfKNJtfHm1UVUgZn+9EI=
github.com/stretchr/testify v1.7.0/go.mod h1:6Fq8oRcR53rry900zMqJjRRixrwX3KX962/h/Wwjteg=
github.com/stretchr/testify v1.11.1 h1:7s2iGBzp5EwR7/aIZr8ao5+dra3wiQyKjjFuvgVKu7U=
github.com/stretchr/testify v1.11.1/go.mod h1:wZwfW3scLgRK+23gO65QZefKpKQRnfz6sD981Nm4B6U=
github.com/tinylib/msgp v1.6.3 h1:bCSxiTz386UTgyT1i0MSCvdbWjVW+8sG3PjkGsZQt4s=
github.com/tinylib/msgp v1.6.3/go.mod h1:RSp0LW9oSxFut3KzESt5Voq4GVWyS+PSulT77roAqEA=
github.com/valyala/bytebufferpool v1.0.0 h1:GqA5TC/0021Y/b9FG4Oi9Mr3q7XYx6KllzawFIhcdPw=
github.com/valyala/bytebufferpool v1.0.0/go.mod h1:6bBcMArwyJ5K/AmCkWv1jt77kVWyCJ6HpOuEn7z0Csc=
github.com/valyala/fasthttp v1.69.0 h1:fNLLESD2SooWeh2cidsuFtOcrEi4uB4m1mPrkJMZyVI=
github.com/valyala/fasthttp v1.69.0/go.mod h1:4wA4PfAraPlAsJ5jMSqCE2ug5tqUPwKXxVj8oNECGcw=
github.com/x448/float16 v0.8.4 h1:qLwI1I70+NjRFUR3zs1JPUCgaCXSh3SW62uAKT1mSBM=
github.com/x448/float16 v0.8.4/go.mod h1:14CWIYCyZA/cWjXOioeEpHeN/83MdbZDRQHoFcYsOfg=
github.com/xyproto/randomstring v1.0.5 h1:YtlWPoRdgMu3NZtP45drfy1GKoojuR7hmRcnhZqKjWU=
github.com/xyproto/randomstring v1.0.5/go.mod h1:rgmS5DeNXLivK7YprL0pY+lTuhNQW3iGxZ18UQApw/E=
go.uber.org/goleak v1.3.0 h1:2K3zAYmnTNqV73imy9J1T3WC+gmCePx2hEGkimedGto=
go.uber.org/goleak v1.3.0/go.mod h1:CoHD4mav9JJNrW/WLlf7HGZPjdw8EucARQHekz1X6bE=
golang.org/x/crypto v0.48.0 h1:/VRzVqiRSggnhY7gNRxPauEQ5Drw9haKdM0jqfcCFts=
golang.org/x/crypto v0.48.0/go.mod h1:r0kV5h3qnFPlQnBSrULhlsRfryS2pmewsg+XfMgkVos=
golang.org/x/net v0.50.0 h1:ucWh9eiCGyDR3vtzso0WMQinm2Dnt8cFMuQa9K33J60=
golang.org/x/net v0.50.0/go.mod h1:UgoSli3F/pBgdJBHCTc+tp3gmrU4XswgGRgtnwWTfyM=
golang.org/x/sync v0.19.0 h1:vV+1eWNmZ5geRlYjzm2adRgW2/mcpevXNg50YZtPCE4=
golang.org/x/sync v0.19.0/go.mod h1:9KTHXmSnoGruLpwFjVSX0lNNA75CykiMECbovNTZqGI=
golang.org/x/sys v0.6.0/go.mod h1:oPkhp1MJrh7nUepCBck5+mAzfO9JrbApNNgaTdGDITg=
golang.org/x/sys v0.41.0 h1:Ivj+2Cp/ylzLiEU89QhWblYnOE9zerudt9Ftecq2C6k=
golang.org/x/sys v0.41.0/go.mod h1:OgkHotnGiDImocRcuBABYBEXf8A9a87e/uXjp9XT3ks=
golang.org/x/text v0.34.0 h1:oL/Qq0Kdaqxa1KbNeMKwQq0reLCCaFtqu2eNuSeNHbk=
golang.org/x/text v0.34.0/go.mod h1:homfLqTYRFyVYemLBFl5GgL/DWEiH5wcsQ5gSh1yziA=
gopkg.in/check.v1 v0.0.0-20161208181325-20d25e280405/go.mod h1:Co6ibVJAznAaIkqp8huTwlJQCZ016jof/cbN4VW5Yz0=
gopkg.in/yaml.v3 v3.0.0-20200313102051-9f266ea9e77c/go.mod h1:K4uyk7z7BCEPqu6E+C64Yfv1cQ7kz7rIZviUmN+EgEM=
gopkg.in/yaml.v3 v3.0.1 h1:fxVm/GzAzEWqLHuvctI91KS9hhNmmWOoWu0XTYJS7CA=
gopkg.in/yaml.v3 v3.0.1/go.mod h1:K4uyk7z7BCEPqu6E+C64Yfv1cQ7kz7rIZviUmN+EgEM=
gorm.io/driver/postgres v1.6.0 h1:2dxzU8xJ+ivvqTRph34QX+WrRaJlmfyPqXmoGVjMBa4=
gorm.io/driver/postgres v1.6.0/go.mod h1:vUw0mrGgrTK+uPHEhAdV4sfFELrByKVGnaVRkXDhtWo=
gorm.io/gorm v1.31.1 h1:7CA8FTFz/gRfgqgpeKIBcervUn3xSyPUmr6B2WXJ7kg=
gorm.io/gorm v1.31.1/go.mod h1:XyQVbO2k6YkOis7C2437jSit3SsDK72s7n7rsSHd+Gs=
