github.com/andybalholm/brotli v1.2.1 h1:R+f5xP285VArJDRgowrfb9DqL18yVK0gKAW/F+eTWro=
github.com/andybalholm/brotli v1.2.1/go.mod h1:rzTDkvFWvIrjDXZHkuS16NPggd91W3kUSvPlQ1pLaKY=
github.com/aws/aws-sdk-go-v2 v1.41.5 h1:dj5kopbwUsVUVFgO4Fi5BIT3t4WyqIDjGKCangnV/yY=
github.com/aws/aws-sdk-go-v2 v1.41.5/go.mod h1:mwsPRE8ceUUpiTgF7QmQIJ7lgsKUPQOUl3o72QBrE1o=
github.com/aws/aws-sdk-go-v2/config v1.32.15 h1:i7rHbaySnBXGvCkDndaBU8f3EAlRVgViwNfkwFUrXgE=
github.com/aws/aws-sdk-go-v2/config v1.32.15/go.mod h1:yLJzL0IkI9+4BwjPSOueyHzppJj3t0dhK5tbmmcFk5Q=
github.com/aws/aws-sdk-go-v2/credentials v1.19.14 h1:n+UcGWAIZHkXzYt87uMFBv/l8THYELoX6gVcUvgl6fI=
github.com/aws/aws-sdk-go-v2/credentials v1.19.14/go.mod h1:cJKuyWB59Mqi0jM3nFYQRmnHVQIcgoxjEMAbLkpr62w=
github.com/aws/aws-sdk-go-v2/feature/ec2/imds v1.18.21 h1:NUS3K4BTDArQqNu2ih7yeDLaS3bmHD0YndtA6UP884g=
github.com/aws/aws-sdk-go-v2/feature/ec2/imds v1.18.21/go.mod h1:YWNWJQNjKigKY1RHVJCuupeWDrrHjRqHm0N9rdrWzYI=
github.com/aws/aws-sdk-go-v2/internal/configsources v1.4.21 h1:Rgg6wvjjtX8bNHcvi9OnXWwcE0a2vGpbwmtICOsvcf4=
github.com/aws/aws-sdk-go-v2/internal/configsources v1.4.21/go.mod h1:A/kJFst/nm//cyqonihbdpQZwiUhhzpqTsdbhDdRF9c=
github.com/aws/aws-sdk-go-v2/internal/endpoints/v2 v2.7.21 h1:PEgGVtPoB6NTpPrBgqSE5hE/o47Ij9qk/SEZFbUOe9A=
github.com/aws/aws-sdk-go-v2/internal/endpoints/v2 v2.7.21/go.mod h1:p+hz+PRAYlY3zcpJhPwXlLC4C+kqn70WIHwnzAfs6ps=
github.com/aws/aws-sdk-go-v2/internal/v4a v1.4.22 h1:rWyie/PxDRIdhNf4DzRk0lvjVOqFJuNnO8WwaIRVxzQ=
github.com/aws/aws-sdk-go-v2/internal/v4a v1.4.22/go.mod h1:zd/JsJ4P7oGfUhXn1VyLqaRZwPmZwg44Jf2dS84Dm3Y=
github.com/aws/aws-sdk-go-v2/service/internal/accept-encoding v1.13.7 h1:5EniKhLZe4xzL7a+fU3C2tfUN4nWIqlLesfrjkuPFTY=
github.com/aws/aws-sdk-go-v2/service/internal/accept-encoding v1.13.7/go.mod h1:x0nZssQ3qZSnIcePWLvcoFisRXJzcTVvYpAAdYX8+GI=
github.com/aws/aws-sdk-go-v2/service/internal/presigned-url v1.13.21 h1:c31//R3xgIJMSC8S6hEVq+38DcvUlgFY0FM6mSI5oto=
github.com/aws/aws-sdk-go-v2/service/internal/presigned-url v1.13.21/go.mod h1:r6+pf23ouCB718FUxaqzZdbpYFyDtehyZcmP5KL9FkA=
github.com/aws/aws-sdk-go-v2/service/sesv2 v1.60.2 h1:zNz5TGTt/H11ArSgNFqi1vL4aKgqmSI4E0vK2n4AwHg=
github.com/aws/aws-sdk-go-v2/service/sesv2 v1.60.2/go.mod h1:2YTLCMJTjejKYNVIQxCW2mvxqEL1lkoLoLwKJKKbvFM=
github.com/aws/aws-sdk-go-v2/service/signin v1.0.9 h1:QKZH0S178gCmFEgst8hN0mCX1KxLgHBKKY/CLqwP8lg=
github.com/aws/aws-sdk-go-v2/service/signin v1.0.9/go.mod h1:7yuQJoT+OoH8aqIxw9vwF+8KpvLZ8AWmvmUWHsGQZvI=
github.com/aws/aws-sdk-go-v2/service/sso v1.30.15 h1:lFd1+ZSEYJZYvv9d6kXzhkZu07si3f+GQ1AaYwa2LUM=
github.com/aws/aws-sdk-go-v2/service/sso v1.30.15/go.mod h1:WSvS1NLr7JaPunCXqpJnWk1Bjo7IxzZXrZi1QQCkuqM=
github.com/aws/aws-sdk-go-v2/service/ssooidc v1.35.19 h1:dzztQ1YmfPrxdrOiuZRMF6fuOwWlWpD2StNLTceKpys=
github.com/aws/aws-sdk-go-v2/service/ssooidc v1.35.19/go.mod h1:YO8TrYtFdl5w/4vmjL8zaBSsiNp3w0L1FfKVKenZT7w=
github.com/aws/aws-sdk-go-v2/service/sts v1.41.10 h1:p8ogvvLugcR/zLBXTXrTkj0RYBUdErbMnAFFp12Lm/U=
github.com/aws/aws-sdk-go-v2/service/sts v1.41.10/go.mod h1:60dv0eZJfeVXfbT1tFJinbHrDfSJ2GZl4Q//OSSNAVw=
github.com/aws/smithy-go v1.25.0 h1:Sz/XJ64rwuiKtB6j98nDIPyYrV1nVNJ4YU74gttcl5U=
github.com/aws/smithy-go v1.25.0/go.mod h1:YE2RhdIuDbA5E5bTdciG9KrW3+TiEONeUWCqxX9i1Fc=
github.com/davecgh/go-spew v1.1.0/go.mod h1:J7Y8YcW2NihsgmVo/mv3lAwl/skON4iLHjSsI+c5H38=
github.com/davecgh/go-spew v1.1.1 h1:vj9j/u1bqnvCEfJOwUhtlOARqs3+rkHYY13jYWTU97c=
github.com/davecgh/go-spew v1.1.1/go.mod h1:J7Y8YcW2NihsgmVo/mv3lAwl/skON4iLHjSsI+c5H38=
github.com/fxamacker/cbor/v2 v2.9.1 h1:2rWm8B193Ll4VdjsJY28jxs70IdDsHRWgQYAI80+rMQ=
github.com/fxamacker/cbor/v2 v2.9.1/go.mod h1:vM4b+DJCtHn+zz7h3FFp/hDAI9WNWCsZj23V5ytsSxQ=
github.com/getsentry/sentry-go v0.45.1 h1:9rfzJtGiJG+MGIaWZXidDGHcH5GU1Z5y0WVJGf9nysw=
github.com/getsentry/sentry-go v0.45.1/go.mod h1:XDotiNZbgf5U8bPDUAfvcFmOnMQQceESxyKaObSssW0=
github.com/go-errors/errors v1.4.2 h1:J6MZopCL4uSllY1OfXM374weqZFFItUbrImctkmUxIA=
github.com/go-errors/errors v1.4.2/go.mod h1:sIVyrIiJhuEF+Pj9Ebtd6P/rEYROXFi3BopGUQ5a5Og=
github.com/gofiber/fiber/v3 v3.1.0 h1:1p4I820pIa+FGxfwWuQZ5rAyX0WlGZbGT6Hnuxt6hKY=
github.com/gofiber/fiber/v3 v3.1.0/go.mod h1:n2nYQovvL9z3Too/FGOfgtERjW3GQcAUqgfoezGBZdU=
github.com/gofiber/schema v1.7.1 h1:oSJBKdgP8JeIME4TQSAqlNKTU2iBB+2RNmKi8Nsc+TI=
github.com/gofiber/schema v1.7.1/go.mod h1:A/X5Ffyru4p9eBdp99qu+nzviHzQiZ7odLT+TwxWhbk=
github.com/gofiber/utils/v2 v2.0.3 h1:qJyfS/t7s7Z4+/zlU1i1pafYNP2+xLupVPgkW8ce1uI=
github.com/gofiber/utils/v2 v2.0.3/go.mod h1:GGERKU3Vhj5z6hS8YKvxL99A54DjOvTFZ0cjZnG4Lj4=
github.com/google/go-cmp v0.7.0 h1:wk8382ETsv4JYUZwIsn6YpYiWiBsYLSJiTsyBybVuN8=
github.com/google/go-cmp v0.7.0/go.mod h1:pXiqmnSA92OHEEa9HXL2W4E7lf9JzCmGVUdgjX3N/iU=
github.com/google/gofuzz v1.0.0/go.mod h1:dBl0BpW6vV/+mYPU4Po3pmUjxk6FQPldtuIdl/M65Eg=
github.com/google/uuid v1.6.0 h1:NIvaJDMOsjHA8n1jAhLSgzrAzy1Hgr+hNrb57e+94F0=
github.com/google/uuid v1.6.0/go.mod h1:TIyPZe4MgqvfeYDBFedMoGGpEw/LqOeaOT+nhxU+yHo=
github.com/jackc/pgpassfile v1.0.0 h1:/6Hmqy13Ss2zCq62VdNG8tM1wchn8zjSGOBJ6icpsIM=
github.com/jackc/pgpassfile v1.0.0/go.mod h1:CEx0iS5ambNFdcRtxPj5JhEz+xB6uRky5eyVu/W2HEg=
github.com/jackc/pgservicefile v0.0.0-20240606120523-5a60cdf6a761 h1:iCEnooe7UlwOQYpKFhBabPMi4aNAfoODPEFNiAnClxo=
github.com/jackc/pgservicefile v0.0.0-20240606120523-5a60cdf6a761/go.mod h1:5TJZWKEWniPve33vlWYSoGYefn3gLQRzjfDlhSJ9ZKM=
github.com/jackc/pgx/v5 v5.9.1 h1:uwrxJXBnx76nyISkhr33kQLlUqjv7et7b9FjCen/tdc=
github.com/jackc/pgx/v5 v5.9.1/go.mod h1:mal1tBGAFfLHvZzaYh77YS/eC6IX9OWbRV1QIIM0Jn4=
github.com/jackc/puddle/v2 v2.2.2 h1:PR8nw+E/1w0GLuRFSmiioY6UooMp6KJv0/61nB7icHo=
github.com/jackc/puddle/v2 v2.2.2/go.mod h1:vriiEXHvEE654aYKXXjOvZM39qJ0q+azkZFrfEOc3H4=
github.com/jinzhu/inflection v1.0.0 h1:K317FqzuhWc8YvSVlFMCCUb36O/S9MCKRDI7QkRKD/E=
github.com/jinzhu/inflection v1.0.0/go.mod h1:h+uFLlag+Qp1Va5pdKtLDYj+kHp5pxUVkryuEj+Srlc=
github.com/jinzhu/now v1.1.5 h1:/o9tlHleP7gOFmsnYNz3RGnqzefHA47wQpKrrdTIwXQ=
github.com/jinzhu/now v1.1.5/go.mod h1:d3SSVoowX0Lcu0IBviAWJpolVfI5UJVZZ7cO71lE/z8=
github.com/joho/godotenv v1.5.1 h1:7eLL/+HRGLY0ldzfGMeQkb7vMd0as4CfYvUVzLqw0N0=
github.com/joho/godotenv v1.5.1/go.mod h1:f4LDr5Voq0i2e/R5DDNOoa2zzDfwtkZa6DnEwAbqwq4=
github.com/json-iterator/go v1.1.12 h1:PV8peI4a0ysnczrg+LtxykD8LfKY9ML6u2jnxaEnrnM=
github.com/json-iterator/go v1.1.12/go.mod h1:e30LSqwooZae/UwlEbR2852Gd8hjQvJoHmT4TnhNGBo=
github.com/klauspost/compress v1.18.5 h1:/h1gH5Ce+VWNLSWqPzOVn6XBO+vJbCNGvjoaGBFW2IE=
github.com/klauspost/compress v1.18.5/go.mod h1:cwPg85FWrGar70rWktvGQj8/hthj3wpl0PGDogxkrSQ=
github.com/mattn/go-colorable v0.1.14 h1:9A9LHSqF/7dyVVX6g0U9cwm9pG3kP9gSzcuIPHPsaIE=
github.com/mattn/go-colorable v0.1.14/go.mod h1:6LmQG8QLFO4G5z1gPvYEzlUgJ2wF+stgPZH1UqBm1s8=
github.com/mattn/go-isatty v0.0.21 h1:xYae+lCNBP7QuW4PUnNG61ffM4hVIfm+zUzDuSzYLGs=
github.com/mattn/go-isatty v0.0.21/go.mod h1:ZXfXG4SQHsB/w3ZeOYbR0PrPwLy+n6xiMrJlRFqopa4=
github.com/modern-go/concurrent v0.0.0-20180228061459-e0a39a4cb421/go.mod h1:6dJC0mAP4ikYIbvyc7fijjWJddQyLn8Ig3JB5CqoB9Q=
github.com/modern-go/concurrent v0.0.0-20180306012644-bacd9c7ef1dd h1:TRLaZ9cD/w8PVh93nsPXa1VrQ6jlwL5oN8l14QlcNfg=
github.com/modern-go/concurrent v0.0.0-20180306012644-bacd9c7ef1dd/go.mod h1:6dJC0mAP4ikYIbvyc7fijjWJddQyLn8Ig3JB5CqoB9Q=
github.com/modern-go/reflect2 v1.0.2 h1:xBagoLtFs94CBntxluKeaWgTMpvLxC4ur3nMaC9Gz0M=
github.com/modern-go/reflect2 v1.0.2/go.mod h1:yWuevngMOJpCy52FWWMvUC8ws7m/LJsjYzDa0/r8luk=
github.com/philhofer/fwd v1.2.0 h1:e6DnBTl7vGY+Gz322/ASL4Gyp1FspeMvx1RNDoToZuM=
github.com/philhofer/fwd v1.2.0/go.mod h1:RqIHx9QI14HlwKwm98g9Re5prTQ6LdeRQn+gXJFxsJM=
github.com/pingcap/errors v0.11.4 h1:lFuQV/oaUMGcD2tqt+01ROSmJs75VG1ToEOkZIZ4nE4=
github.com/pingcap/errors v0.11.4/go.mod h1:Oi8TUi2kEtXXLMJk9l1cGmz20kV3TaQ0usTwv5KuLY8=
github.com/pkg/errors v0.9.1 h1:FEBLx1zS214owpjy7qsBeixbURkuhQAwrK5UwLGTwt4=
github.com/pkg/errors v0.9.1/go.mod h1:bwawxfHBFNV+L2hUp1rHADufV3IMtnDRdf1r5NINEl0=
github.com/pmezard/go-difflib v1.0.0 h1:4DBwDE0NGyQoBHbLQYPwSUPoCMWR5BEzIk/f1lZbAQM=
github.com/pmezard/go-difflib v1.0.0/go.mod h1:iKH77koFhYxTK1pcRnkKkqfTogsbg7gZNVY4sRDYZ/4=
github.com/shamaton/msgpack/v3 v3.1.0 h1:jsk0vEAqVvvS9+fTZ5/EcQ9tz860c9pWxJ4Iwecz8gU=
github.com/shamaton/msgpack/v3 v3.1.0/go.mod h1:DcQG8jrdrQCIxr3HlMYkiXdMhK+KfN2CitkyzsQV4uc=
github.com/stretchr/objx v0.1.0/go.mod h1:HFkY916IF+rwdDfMAkV7OtwuqBVzrE8GR6GFx+wExME=
github.com/stretchr/testify v1.3.0/go.mod h1:M5WIy9Dh21IEIfnGCwXGc5bZfKNJtfHm1UVUgZn+9EI=
github.com/stretchr/testify v1.7.0/go.mod h1:6Fq8oRcR53rry900zMqJjRRixrwX3KX962/h/Wwjteg=
github.com/stretchr/testify v1.11.1 h1:7s2iGBzp5EwR7/aIZr8ao5+dra3wiQyKjjFuvgVKu7U=
github.com/stretchr/testify v1.11.1/go.mod h1:wZwfW3scLgRK+23gO65QZefKpKQRnfz6sD981Nm4B6U=
github.com/tinylib/msgp v1.6.4 h1:mOwYbyYDLPj35mkA2BjjYejgJk9BuHxDdvRnb6v2ZcQ=
github.com/tinylib/msgp v1.6.4/go.mod h1:RSp0LW9oSxFut3KzESt5Voq4GVWyS+PSulT77roAqEA=
github.com/valyala/bytebufferpool v1.0.0 h1:GqA5TC/0021Y/b9FG4Oi9Mr3q7XYx6KllzawFIhcdPw=
github.com/valyala/bytebufferpool v1.0.0/go.mod h1:6bBcMArwyJ5K/AmCkWv1jt77kVWyCJ6HpOuEn7z0Csc=
github.com/valyala/fasthttp v1.70.0 h1:LAhMGcWk13QZWm85+eg8ZBNbrq5mnkWFGbHMUJHIdXA=
github.com/valyala/fasthttp v1.70.0/go.mod h1:oDZEHHkJ/Buyklg6uURmYs19442zFSnCIfX3j1FY3pE=
github.com/x448/float16 v0.8.4 h1:qLwI1I70+NjRFUR3zs1JPUCgaCXSh3SW62uAKT1mSBM=
github.com/x448/float16 v0.8.4/go.mod h1:14CWIYCyZA/cWjXOioeEpHeN/83MdbZDRQHoFcYsOfg=
github.com/xyproto/randomstring v1.0.5 h1:YtlWPoRdgMu3NZtP45drfy1GKoojuR7hmRcnhZqKjWU=
github.com/xyproto/randomstring v1.0.5/go.mod h1:rgmS5DeNXLivK7YprL0pY+lTuhNQW3iGxZ18UQApw/E=
go.uber.org/goleak v1.3.0 h1:2K3zAYmnTNqV73imy9J1T3WC+gmCePx2hEGkimedGto=
go.uber.org/goleak v1.3.0/go.mod h1:CoHD4mav9JJNrW/WLlf7HGZPjdw8EucARQHekz1X6bE=
golang.org/x/crypto v0.50.0 h1:zO47/JPrL6vsNkINmLoo/PH1gcxpls50DNogFvB5ZGI=
golang.org/x/crypto v0.50.0/go.mod h1:3muZ7vA7PBCE6xgPX7nkzzjiUq87kRItoJQM1Yo8S+Q=
golang.org/x/net v0.53.0 h1:d+qAbo5L0orcWAr0a9JweQpjXF19LMXJE8Ey7hwOdUA=
golang.org/x/net v0.53.0/go.mod h1:JvMuJH7rrdiCfbeHoo3fCQU24Lf5JJwT9W3sJFulfgs=
golang.org/x/sync v0.20.0 h1:e0PTpb7pjO8GAtTs2dQ6jYa5BWYlMuX047Dco/pItO4=
golang.org/x/sync v0.20.0/go.mod h1:9xrNwdLfx4jkKbNva9FpL6vEN7evnE43NNNJQ2LF3+0=
golang.org/x/sys v0.43.0 h1:Rlag2XtaFTxp19wS8MXlJwTvoh8ArU6ezoyFsMyCTNI=
golang.org/x/sys v0.43.0/go.mod h1:4GL1E5IUh+htKOUEOaiffhrAeqysfVGipDYzABqnCmw=
golang.org/x/text v0.36.0 h1:JfKh3XmcRPqZPKevfXVpI1wXPTqbkE5f7JA92a55Yxg=
golang.org/x/text v0.36.0/go.mod h1:NIdBknypM8iqVmPiuco0Dh6P5Jcdk8lJL0CUebqK164=
gopkg.in/check.v1 v0.0.0-20161208181325-20d25e280405/go.mod h1:Co6ibVJAznAaIkqp8huTwlJQCZ016jof/cbN4VW5Yz0=
gopkg.in/yaml.v3 v3.0.0-20200313102051-9f266ea9e77c/go.mod h1:K4uyk7z7BCEPqu6E+C64Yfv1cQ7kz7rIZviUmN+EgEM=
gopkg.in/yaml.v3 v3.0.1 h1:fxVm/GzAzEWqLHuvctI91KS9hhNmmWOoWu0XTYJS7CA=
gopkg.in/yaml.v3 v3.0.1/go.mod h1:K4uyk7z7BCEPqu6E+C64Yfv1cQ7kz7rIZviUmN+EgEM=
gorm.io/driver/postgres v1.6.0 h1:2dxzU8xJ+ivvqTRph34QX+WrRaJlmfyPqXmoGVjMBa4=
gorm.io/driver/postgres v1.6.0/go.mod h1:vUw0mrGgrTK+uPHEhAdV4sfFELrByKVGnaVRkXDhtWo=
gorm.io/gorm v1.31.1 h1:7CA8FTFz/gRfgqgpeKIBcervUn3xSyPUmr6B2WXJ7kg=
gorm.io/gorm v1.31.1/go.mod h1:XyQVbO2k6YkOis7C2437jSit3SsDK72s7n7rsSHd+Gs=
