github.com/andybalholm/brotli v1.0.0 h1:7UCwP93aiSfvWpapti8g88vVVGp2qqtGyePsSuDafo4=
github.com/andybalholm/brotli v1.0.0/go.mod h1:loMXtMfwqflxFJPmdbJO0a3KNoPuLBgiu3qAvBg8x/Y=
github.com/andybalholm/brotli v1.1.0 h1:eLKJA0d02Lf0mVpIDgYnqXcUn0GqVmEFny3VuID1U3M=
github.com/andybalholm/brotli v1.1.0/go.mod h1:sms7XGricyQI9K10gOSf56VKKWS4oLer58Q+mhRPtnY=
github.com/gofiber/fiber v1.14.6 h1:QRUPvPmr8ijQuGo1MgupHBn8E+wW0IKqiOvIZPtV70o=
github.com/gofiber/fiber v1.14.6/go.mod h1:Yw2ekF1YDPreO9V6TMYjynu94xRxZBdaa8X5HhHsjCM=
github.com/gofiber/fiber/v2 v2.52.6 h1:Rfp+ILPiYSvvVuIPvxrBns+HJp8qGLDnLJawAu27XVI=
github.com/gofiber/fiber/v2 v2.52.6/go.mod h1:YEcBbO/FB+5M1IZNBP9FO3J9281zgPAreiI1oqg8nDw=
github.com/gofiber/utils v0.0.10 h1:3Mr7X7JdCUo7CWf/i5sajSaDmArEDtti8bM1JUVso2U=
github.com/gofiber/utils v0.0.10/go.mod h1:9J5aHFUIjq0XfknT4+hdSMG6/jzfaAgCu4HEbWDeBlo=
github.com/google/uuid v1.6.0 h1:NIvaJDMOsjHA8n1jAhLSgzrAzy1Hgr+hNrb57e+94F0=
github.com/google/uuid v1.6.0/go.mod h1:TIyPZe4MgqvfeYDBFedMoGGpEw/LqOeaOT+nhxU+yHo=
github.com/gorilla/schema v1.1.0 h1:CamqUDOFUBqzrvxuz2vEwo8+SUdwsluFh7IlzJh30LY=
github.com/gorilla/schema v1.1.0/go.mod h1:kgLaKoK1FELgZqMAVxx/5cbj0kT+57qxUrAlIO2eleU=
github.com/klauspost/compress v1.10.7 h1:7rix8v8GpI3ZBb0nSozFRgbtXKv+hOe+qfEpZqybrAg=
github.com/klauspost/compress v1.10.7/go.mod h1:aoV0uJVorq1K+umq18yTdKaF57EivdYsUV+/s2qKfXs=
github.com/klauspost/compress v1.17.9 h1:6KIumPrER1LHsvBVuDa0r5xaG0Es51mhhB9BQB2qeMA=
github.com/klauspost/compress v1.17.9/go.mod h1:Di0epgTjJY877eYKx5yC51cX2A2Vl2ibi7bDH9ttBbw=
github.com/mattn/go-colorable v0.1.7 h1:bQGKb3vps/j0E9GfJQ03JyhRuxsvdAanXlT9BTw3mdw=
github.com/mattn/go-colorable v0.1.7/go.mod h1:u6P/XSegPjTcexA+o6vUJrdnUu04hMope9wVRipJSqc=
github.com/mattn/go-colorable v0.1.13 h1:fFA4WZxdEF4tXPZVKMLwD8oUnCTTo08duU7wxecdEvA=
github.com/mattn/go-colorable v0.1.13/go.mod h1:7S9/ev0klgBDR4GtXTXX8a3vIGJpMovkB8vQcUbaXHg=
github.com/mattn/go-isatty v0.0.12 h1:wuysRhFDzyxgEmMf5xjvJ2M9dZoWAXNNr5LSBS7uHXY=
github.com/mattn/go-isatty v0.0.12/go.mod h1:cbi8OIDigv2wuxKPP5vlRcQ1OAZbq2CE4Kysco4FUpU=
github.com/mattn/go-isatty v0.0.16/go.mod h1:kYGgaQfpe5nmfYZH+SKPsOc2e4SrIfOl2e/yFXSvRLM=
github.com/mattn/go-isatty v0.0.20 h1:xfD0iDuEKnDkl03q4limB+vH+GxLEtL/jb4xVJSWWEY=
github.com/mattn/go-isatty v0.0.20/go.mod h1:W+V8PltTTMOvKvAeJH7IuucS94S2C6jfK/D7dTCTo3Y=
github.com/mattn/go-runewidth v0.0.16 h1:E5ScNMtiwvlvB5paMFdw9p4kSQzbXFikJ5SQO6TULQc=
github.com/mattn/go-runewidth v0.0.16/go.mod h1:Jdepj2loyihRzMpdS35Xk/zdY8IAYHsh153qUoGf23w=
github.com/rivo/uniseg v0.2.0 h1:S1pD9weZBuJdFmowNwbpi7BJ8TNftyUImj/0WQi72jY=
github.com/rivo/uniseg v0.2.0/go.mod h1:J6wj4VEh+S6ZtnVlnTBMWIodfgj8LQOQFoIToxlJtxc=
github.com/valyala/bytebufferpool v1.0.0 h1:GqA5TC/0021Y/b9FG4Oi9Mr3q7XYx6KllzawFIhcdPw=
github.com/valyala/bytebufferpool v1.0.0/go.mod h1:6bBcMArwyJ5K/AmCkWv1jt77kVWyCJ6HpOuEn7z0Csc=
github.com/valyala/fasthttp v1.16.0 h1:9zAqOYLl8Tuy3E5R6ckzGDJ1g8+pw15oQp2iL9Jl6gQ=
github.com/valyala/fasthttp v1.16.0/go.mod h1:YOKImeEosDdBPnxc0gy7INqi3m1zK6A+xl6TwOBhHCA=
github.com/valyala/fasthttp v1.51.0 h1:8b30A5JlZ6C7AS81RsWjYMQmrZG6feChmgAolCl1SqA=
github.com/valyala/fasthttp v1.51.0/go.mod h1:oI2XroL+lI7vdXyYoQk03bXBThfFl2cVdIA3Xl7cH8g=
github.com/valyala/tcplisten v0.0.0-20161114210144-ceec8f93295a h1:0R4NLDRDZX6JcmhJgXi5E4b8Wg84ihbmUKp/GvSPEzc=
github.com/valyala/tcplisten v0.0.0-20161114210144-ceec8f93295a/go.mod h1:v3UYOV9WzVtRmSR+PDvWpU/qWl4Wa5LApYYX4ZtKbio=
github.com/valyala/tcplisten v1.0.0 h1:rBHj/Xf+E1tRGZyWIWwJDiRY0zc1Js+CV5DqwacVSA8=
github.com/valyala/tcplisten v1.0.0/go.mod h1:T0xQ8SeCZGxckz9qRXTfG43PvQ/mcWh7FwZEA7Ioqkc=
golang.org/x/crypto v0.0.0-20190308221718-c2843e01d9a2/go.mod h1:djNgcEr1/C05ACkg1iLfiJU5Ep61QUkGW8qpdssI0+w=
golang.org/x/crypto v0.19.0/go.mod h1:Iy9bg/ha4yyC70EfRS8jz+B6ybOBKMaSxLj6P6oBDfU=
golang.org/x/crypto v0.32.0 h1:euUpcYgM8WcP71gNpTqQCn6rC2t6ULUPiOzfWaXVVfc=
golang.org/x/crypto v0.32.0/go.mod h1:ZnnJkOaASj8g0AjIduWNlq2NRxL0PlBrbKVyZ6V/Ugc=
golang.org/x/net v0.0.0-20200602114024-627f9648deb9/go.mod h1:qpuaurCH72eLCgpAm/N6yyVIVM9cpaDIP3A8BGJEC5A=
golang.org/x/sys v0.0.0-20190215142949-d0b11bdaac8a/go.mod h1:STP8DvDyc/dI5b8T5hshtkjS+E42TnysNCUPdjciGhY=
golang.org/x/sys v0.0.0-20200116001909-b77594299b42/go.mod h1:h1NjWce9XRLGQEsW7wpKNCjG9DtNlClVuFLEZdDNbEs=
golang.org/x/sys v0.0.0-20200223170610-d5e6a3e2c0ae/go.mod h1:h1NjWce9XRLGQEsW7wpKNCjG9DtNlClVuFLEZdDNbEs=
golang.org/x/sys v0.0.0-20200323222414-85ca7c5b95cd/go.mod h1:h1NjWce9XRLGQEsW7wpKNCjG9DtNlClVuFLEZdDNbEs=
golang.org/x/sys v0.0.0-20200602225109-6fdc65e7d980 h1:OjiUf46hAmXblsZdnoSXsEUSKU8r1UEzcL5RVZ4gO9Y=
golang.org/x/sys v0.0.0-20200602225109-6fdc65e7d980/go.mod h1:h1NjWce9XRLGQEsW7wpKNCjG9DtNlClVuFLEZdDNbEs=
golang.org/x/sys v0.0.0-20220811171246-fbc7d0a398ab/go.mod h1:oPkhp1MJrh7nUepCBck5+mAzfO9JrbApNNgaTdGDITg=
golang.org/x/sys v0.6.0/go.mod h1:oPkhp1MJrh7nUepCBck5+mAzfO9JrbApNNgaTdGDITg=
golang.org/x/sys v0.29.0 h1:TPYlXGxvx1MGTn2GiZDhnjPA9wZzZeGKHHmKhHYvgaU=
golang.org/x/sys v0.29.0/go.mod h1:/VUhepiaJMQUp4+oa/7Zr1D23ma6VTLIYjOOTFZPUcA=
golang.org/x/text v0.3.0/go.mod h1:NqM8EUOU14njkJ3fqMW+pc6Ldnwhi/IjpwHt7yyuwOQ=
